Microsoft Visual Studio Solution File, Format Version 11.00
# Visual Studio 2010
Project("{FAE04EC0-301F-11D3-BF4B-00C04F79EFBC}") = "Assembly-CSharp", "Assembly-CSharp.csproj", "{00A515C2-776F-B843-9C7B-AC6E5821FCA8}"
EndProject
Project("{FAE04EC0-301F-11D3-BF4B-00C04F79EFBC}") = "Assembly-CSharp-firstpass", "Assembly-CSharp-firstpass.csproj", "{3CF7D71C-E049-2099-70BE-4E29353273D2}"
EndProject
Project("{FAE04EC0-301F-11D3-BF4B-00C04F79EFBC}") = "Assembly-CSharp-Editor-firstpass", "Assembly-CSharp-Editor-firstpass.csproj", "{13526656-8592-BC95-CD70-69FC98D9101C}"
EndProject
Global
	GlobalSection(SolutionConfigurationPlatforms) = preSolution
		Debug|Any CPU = Debug|Any CPU
		Release|Any CPU = Release|Any CPU
	EndGlobalSection
	GlobalSection(ProjectConfigurationPlatforms) = postSolution
		{00A515C2-776F-B843-9C7B-AC6E5821FCA8}.Debug|Any CPU.ActiveCfg = Debug|Any CPU
		{00A515C2-776F-B843-9C7B-AC6E5821FCA8}.Debug|Any CPU.Build.0 = Debug|Any CPU
		{00A515C2-776F-B843-9C7B-AC6E5821FCA8}.Release|Any CPU.ActiveCfg = Release|Any CPU
		{00A515C2-776F-B843-9C7B-AC6E5821FCA8}.Release|Any CPU.Build.0 = Release|Any CPU
		{3CF7D71C-E049-2099-70BE-4E29353273D2}.Debug|Any CPU.ActiveCfg = Debug|Any CPU
		{3CF7D71C-E049-2099-70BE-4E29353273D2}.Debug|Any CPU.Build.0 = Debug|Any CPU
		{3CF7D71C-E049-2099-70BE-4E29353273D2}.Release|Any CPU.ActiveCfg = Release|Any CPU
		{3CF7D71C-E049-2099-70BE-4E29353273D2}.Release|Any CPU.Build.0 = Release|Any CPU
		{13526656-8592-BC95-CD70-69FC98D9101C}.Debug|Any CPU.ActiveCfg = Debug|Any CPU
		{13526656-8592-BC95-CD70-69FC98D9101C}.Debug|Any CPU.Build.0 = Debug|Any CPU
		{13526656-8592-BC95-CD70-69FC98D9101C}.Release|Any CPU.ActiveCfg = Release|Any CPU
		{13526656-8592-BC95-CD70-69FC98D9101C}.Release|Any CPU.Build.0 = Release|Any CPU
	EndGlobalSection
	GlobalSection(SolutionProperties) = preSolution
		HideSolutionNode = FALSE
	EndGlobalSection
	GlobalSection(MonoDevelopProperties) = preSolution
		StartupItem = Assembly-CSharp.csproj
	EndGlobalSection
EndGlobal
